
Microsoft Visual Studio Solution File, Format Version 12.00
# Visual Studio Version 16
VisualStudioVersion = 16.0.31727.386
MinimumVisualStudioVersion = 10.0.40219.1
Project("{9A19103F-16F7-4668-BE54-9A1E7A4F7556}") = "queue-storage", "api\queue-storage.csproj", "{EA826FFB-3747-46DA-A92C-421228CC6188}"
EndProject
Project("{9A19103F-16F7-4668-BE54-9A1E7A4F7556}") = "WeatherDataIngestor", "WeatherDataIngestor\WeatherDataIngestor.csproj", "{DA0C1A77-D93B-488F-B98F-D4516684C9F6}"
EndProject
Global
	GlobalSection(SolutionConfigurationPlatforms) = preSolution
		Debug|Any CPU = Debug|Any CPU
		Release|Any CPU = Release|Any CPU
	EndGlobalSection
	GlobalSection(ProjectConfigurationPlatforms) = postSolution
		{EA826FFB-3747-46DA-A92C-421228CC6188}.Debug|Any CPU.ActiveCfg = Debug|Any CPU
		{EA826FFB-3747-46DA-A92C-421228CC6188}.Debug|Any CPU.Build.0 = Debug|Any CPU
		{EA826FFB-3747-46DA-A92C-421228CC6188}.Release|Any CPU.ActiveCfg = Release|Any CPU
		{EA826FFB-3747-46DA-A92C-421228CC6188}.Release|Any CPU.Build.0 = Release|Any CPU
		{DA0C1A77-D93B-488F-B98F-D4516684C9F6}.Debug|Any CPU.ActiveCfg = Debug|Any CPU
		{DA0C1A77-D93B-488F-B98F-D4516684C9F6}.Debug|Any CPU.Build.0 = Debug|Any CPU
		{DA0C1A77-D93B-488F-B98F-D4516684C9F6}.Release|Any CPU.ActiveCfg = Release|Any CPU
		{DA0C1A77-D93B-488F-B98F-D4516684C9F6}.Release|Any CPU.Build.0 = Release|Any CPU
	EndGlobalSection
	GlobalSection(SolutionProperties) = preSolution
		HideSolutionNode = FALSE
	EndGlobalSection
	GlobalSection(ExtensibilityGlobals) = postSolution
		SolutionGuid = {E24510DA-5E7C-45F4-96F1-115D3578C676}
	EndGlobalSection
EndGlobal
